
Microsoft Visual Studio Solution File, Format Version 12.00
# Visual Studio 14
VisualStudioVersion = 14.0.25420.1
MinimumVisualStudioVersion = 10.0.40219.1
Project("{FAE04EC0-301F-11D3-BF4B-00C04F79EFBC}") = "Tienda_Electrodomesticos", "Tienda_Electrodomesticos\Tienda_Electrodomesticos.csproj", "{0DB90484-ED1F-4A23-A6F2-4B8D8BF5E3AD}"
EndProject
Project("{E24C65DC-7377-472B-9ABA-BC803B73C61A}") = "shop-cart", "..\..\shop-cart\", "{3F3ED323-6C55-447D-8963-5C716DBCC172}"
	ProjectSection(WebsiteProperties) = preProject
		TargetFrameworkMoniker = ".NETFramework,Version%3Dv4.0"
		Debug.AspNetCompiler.VirtualPath = "/localhost_1672"
		Debug.AspNetCompiler.PhysicalPath = "..\..\shop-cart\"
		Debug.AspNetCompiler.TargetPath = "PrecompiledWeb\localhost_1672\"
		Debug.AspNetCompiler.Updateable = "true"
		Debug.AspNetCompiler.ForceOverwrite = "true"
		Debug.AspNetCompiler.FixedNames = "false"
		Debug.AspNetCompiler.Debug = "True"
		Release.AspNetCompiler.VirtualPath = "/localhost_1672"
		Release.AspNetCompiler.PhysicalPath = "..\..\shop-cart\"
		Release.AspNetCompiler.TargetPath = "PrecompiledWeb\localhost_1672\"
		Release.AspNetCompiler.Updateable = "true"
		Release.AspNetCompiler.ForceOverwrite = "true"
		Release.AspNetCompiler.FixedNames = "false"
		Release.AspNetCompiler.Debug = "False"
		VWDPort = "1672"
		SlnRelativePath = "..\..\shop-cart\"
	EndProjectSection
EndProject
Global
	GlobalSection(SolutionConfigurationPlatforms) = preSolution
		Debug|Any CPU = Debug|Any CPU
		Release|Any CPU = Release|Any CPU
	EndGlobalSection
	GlobalSection(ProjectConfigurationPlatforms) = postSolution
		{0DB90484-ED1F-4A23-A6F2-4B8D8BF5E3AD}.Debug|Any CPU.ActiveCfg = Debug|Any CPU
		{0DB90484-ED1F-4A23-A6F2-4B8D8BF5E3AD}.Debug|Any CPU.Build.0 = Debug|Any CPU
		{0DB90484-ED1F-4A23-A6F2-4B8D8BF5E3AD}.Release|Any CPU.ActiveCfg = Release|Any CPU
		{0DB90484-ED1F-4A23-A6F2-4B8D8BF5E3AD}.Release|Any CPU.Build.0 = Release|Any CPU
		{3F3ED323-6C55-447D-8963-5C716DBCC172}.Debug|Any CPU.ActiveCfg = Debug|Any CPU
		{3F3ED323-6C55-447D-8963-5C716DBCC172}.Debug|Any CPU.Build.0 = Debug|Any CPU
		{3F3ED323-6C55-447D-8963-5C716DBCC172}.Release|Any CPU.ActiveCfg = Debug|Any CPU
		{3F3ED323-6C55-447D-8963-5C716DBCC172}.Release|Any CPU.Build.0 = Debug|Any CPU
	EndGlobalSection
	GlobalSection(SolutionProperties) = preSolution
		HideSolutionNode = FALSE
	EndGlobalSection
EndGlobal
